
Microsoft Visual Studio Solution File, Format Version 12.00
# Visual Studio Version 17
VisualStudioVersion = 17.5.002.0
MinimumVisualStudioVersion = 10.0.40219.1
Project("{9A19103F-16F7-4668-BE54-9A1E7A4F7556}") = "FilterApp", "src\FilterApp.csproj", "{EC3F14C8-8A2D-428E-81CC-33DC00C07DE4}"
EndProject
Global
	GlobalSection(SolutionConfigurationPlatforms) = preSolution
		Debug|Any CPU = Debug|Any CPU
		Release|Any CPU = Release|Any CPU
	EndGlobalSection
	GlobalSection(ProjectConfigurationPlatforms) = postSolution
		{EC3F14C8-8A2D-428E-81CC-33DC00C07DE4}.Debug|Any CPU.ActiveCfg = Debug|Any CPU
		{EC3F14C8-8A2D-428E-81CC-33DC00C07DE4}.Debug|Any CPU.Build.0 = Debug|Any CPU
		{EC3F14C8-8A2D-428E-81CC-33DC00C07DE4}.Release|Any CPU.ActiveCfg = Release|Any CPU
		{EC3F14C8-8A2D-428E-81CC-33DC00C07DE4}.Release|Any CPU.Build.0 = Release|Any CPU
	EndGlobalSection
	GlobalSection(SolutionProperties) = preSolution
		HideSolutionNode = FALSE
	EndGlobalSection
	GlobalSection(ExtensibilityGlobals) = postSolution
		SolutionGuid = {32F26A7B-31A6-465F-92B9-903D3844087E}
	EndGlobalSection
EndGlobal
